// !$*UTF8*$!
{
	archiveVersion = 1;
	classes = {
	};
	objectVersion = 46;
	objects = {

/* Begin PBXBuildFile section */
		3BEA024C1B9CC2FE0048083E /* AppDelegate.swift in Sources */ = {isa = PBXBuildFile; fileRef = 3BEA024B1B9CC2FE0048083E /* AppDelegate.swift */; };
		3BEA024E1B9CC2FE0048083E /* ViewController.swift in Sources */ = {isa = PBXBuildFile; fileRef = 3BEA024D1B9CC2FE0048083E /* ViewController.swift */; };
		3BEA02511B9CC2FE0048083E /* Main.storyboard in Resources */ = {isa = PBXBuildFile; fileRef = 3BEA024F1B9CC2FE0048083E /* Main.storyboard */; };
		3BEA02531B9CC2FE0048083E /* Images.xcassets in Resources */ = {isa = PBXBuildFile; fileRef = 3BEA02521B9CC2FE0048083E /* Images.xcassets */; };
		3BEA02561B9CC2FE0048083E /* LaunchScreen.xib in Resources */ = {isa = PBXBuildFile; fileRef = 3BEA02541B9CC2FE0048083E /* LaunchScreen.xib */; };
		3BEA02621B9CC2FE0048083E /* EsPrimoTests.swift in Sources */ = {isa = PBXBuildFile; fileRef = 3BEA02611B9CC2FE0048083E /* EsPrimoTests.swift */; };
/* End PBXBuildFile section */

/* Begin PBXContainerItemProxy section */
		3BEA025C1B9CC2FE0048083E /* PBXContainerItemProxy */ = {
			isa = PBXContainerItemProxy;
			containerPortal = 3BEA023E1B9CC2FE0048083E /* Project object */;
			proxyType = 1;
			remoteGlobalIDString = 3BEA02451B9CC2FE0048083E;
			remoteInfo = EsPrimo;
		};
/* End PBXContainerItemProxy section */

/* Begin PBXFileReference section */
		3BEA02461B9CC2FE0048083E /* EsPrimo.app */ = {isa = PBXFileReference; explicitFileType = wrapper.application; includeInIndex = 0; path = EsPrimo.app; sourceTree = BUILT_PRODUCTS_DIR; };
		3BEA024A1B9CC2FE0048083E /* Info.plist */ = {isa = PBXFileReference; lastKnownFileType = text.plist.xml; path = Info.plist; sourceTree = "<group>"; };
		3BEA024B1B9CC2FE0048083E /* AppDelegate.swift */ = {isa = PBXFileReference; lastKnownFileType = sourcecode.swift; path = AppDelegate.swift; sourceTree = "<group>"; };
		3BEA024D1B9CC2FE0048083E /* ViewController.swift */ = {isa = PBXFileReference; lastKnownFileType = sourcecode.swift; path = ViewController.swift; sourceTree = "<group>"; };
		3BEA02501B9CC2FE0048083E /* Base */ = {isa = PBXFileReference; lastKnownFileType = file.storyboard; name = Base; path = Base.lproj/Main.storyboard; sourceTree = "<group>"; };
		3BEA02521B9CC2FE0048083E /* Images.xcassets */ = {isa = PBXFileReference; lastKnownFileType = folder.assetcatalog; path = Images.xcassets; sourceTree = "<group>"; };
		3BEA02551B9CC2FE0048083E /* Base */ = {isa = PBXFileReference; lastKnownFileType = file.xib; name = Base; path = Base.lproj/LaunchScreen.xib; sourceTree = "<group>"; };
		3BEA025B1B9CC2FE0048083E /* EsPrimoTests.xctest */ = {isa = PBXFileReference; explicitFileType = wrapper.cfbundle; includeInIndex = 0; path = EsPrimoTests.xctest; sourceTree = BUILT_PRODUCTS_DIR; };
		3BEA02601B9CC2FE0048083E /* Info.plist */ = {isa = PBXFileReference; lastKnownFileType = text.plist.xml; path = Info.plist; sourceTree = "<group>"; };
		3BEA02611B9CC2FE0048083E /* EsPrimoTests.swift */ = {isa = PBXFileReference; lastKnownFileType = sourcecode.swift; path = EsPrimoTests.swift; sourceTree = "<group>"; };
/* End PBXFileReference section */

/* Begin PBXFrameworksBuildPhase section */
		3BEA02431B9CC2FE0048083E /* Frameworks */ = {
			isa = PBXFrameworksBuildPhase;
			buildActionMask = 2147483647;
			files = (
			);
			runOnlyForDeploymentPostprocessing = 0;
		};
		3BEA02581B9CC2FE0048083E /* Frameworks */ = {
			isa = PBXFrameworksBuildPhase;
			buildActionMask = 2147483647;
			files = (
			);
			runOnlyForDeploymentPostprocessing = 0;
		};
/* End PBXFrameworksBuildPhase section */

/* Begin PBXGroup section */
		3BEA023D1B9CC2FE0048083E = {
			isa = PBXGroup;
			children = (
				3BEA02481B9CC2FE0048083E /* EsPrimo */,
				3BEA025E1B9CC2FE0048083E /* EsPrimoTests */,
				3BEA02471B9CC2FE0048083E /* Products */,
			);
			sourceTree = "<group>";
		};
		3BEA02471B9CC2FE0048083E /* Products */ = {
			isa = PBXGroup;
			children = (
				3BEA02461B9CC2FE0048083E /* EsPrimo.app */,
				3BEA025B1B9CC2FE0048083E /* EsPrimoTests.xctest */,
			);
			name = Products;
			sourceTree = "<group>";
		};
		3BEA02481B9CC2FE0048083E /* EsPrimo */ = {
			isa = PBXGroup;
			children = (
				3BEA024B1B9CC2FE0048083E /* AppDelegate.swift */,
				3BEA024D1B9CC2FE0048083E /* ViewController.swift */,
				3BEA024F1B9CC2FE0048083E /* Main.storyboard */,
				3BEA02521B9CC2FE0048083E /* Images.xcassets */,
				3BEA02541B9CC2FE0048083E /* LaunchScreen.xib */,
				3BEA02491B9CC2FE0048083E /* Supporting Files */,
			);
			path = EsPrimo;
			sourceTree = "<group>";
		};
		3BEA02491B9CC2FE0048083E /* Supporting Files */ = {
			isa = PBXGroup;
			children = (
				3BEA024A1B9CC2FE0048083E /* Info.plist */,
			);
			name = "Supporting Files";
			sourceTree = "<group>";
		};
		3BEA025E1B9CC2FE0048083E /* EsPrimoTests */ = {
			isa = PBXGroup;
			children = (
				3BEA02611B9CC2FE0048083E /* EsPrimoTests.swift */,
				3BEA025F1B9CC2FE0048083E /* Supporting Files */,
			);
			path = EsPrimoTests;
			sourceTree = "<group>";
		};
		3BEA025F1B9CC2FE0048083E /* Supporting Files */ = {
			isa = PBXGroup;
			children = (
				3BEA02601B9CC2FE0048083E /* Info.plist */,
			);
			name = "Supporting Files";
			sourceTree = "<group>";
		};
/* End PBXGroup section */

/* Begin PBXNativeTarget section */
		3BEA02451B9CC2FE0048083E /* EsPrimo */ = {
			isa = PBXNativeTarget;
			buildConfigurationList = 3BEA02651B9CC2FE0048083E /* Build configuration list for PBXNativeTarget "EsPrimo" */;
			buildPhases = (
				3BEA02421B9CC2FE0048083E /* Sources */,
				3BEA02431B9CC2FE0048083E /* Frameworks */,
				3BEA02441B9CC2FE0048083E /* Resources */,
			);
			buildRules = (
			);
			dependencies = (
			);
			name = EsPrimo;
			productName = EsPrimo;
			productReference = 3BEA02461B9CC2FE0048083E /* EsPrimo.app */;
			productType = "com.apple.product-type.application";
		};
		3BEA025A1B9CC2FE0048083E /* EsPrimoTests */ = {
			isa = PBXNativeTarget;
			buildConfigurationList = 3BEA02681B9CC2FE0048083E /* Build configuration list for PBXNativeTarget "EsPrimoTests" */;
			buildPhases = (
				3BEA02571B9CC2FE0048083E /* Sources */,
				3BEA02581B9CC2FE0048083E /* Frameworks */,
				3BEA02591B9CC2FE0048083E /* Resources */,
			);
			buildRules = (
			);
			dependencies = (
				3BEA025D1B9CC2FE0048083E /* PBXTargetDependency */,
			);
			name = EsPrimoTests;
			productName = EsPrimoTests;
			productReference = 3BEA025B1B9CC2FE0048083E /* EsPrimoTests.xctest */;
			productType = "com.apple.product-type.bundle.unit-test";
		};
/* End PBXNativeTarget section */

/* Begin PBXProject section */
		3BEA023E1B9CC2FE0048083E /* Project object */ = {
			isa = PBXProject;
			attributes = {
				LastSwiftMigration = 0700;
				LastSwiftUpdateCheck = 0700;
				LastUpgradeCheck = 0700;
				ORGANIZATIONNAME = ixavy;
				TargetAttributes = {
					3BEA02451B9CC2FE0048083E = {
						CreatedOnToolsVersion = 6.4;
						DevelopmentTeam = P3MD9SF5SW;
					};
					3BEA025A1B9CC2FE0048083E = {
						CreatedOnToolsVersion = 6.4;
						TestTargetID = 3BEA02451B9CC2FE0048083E;
					};
				};
			};
			buildConfigurationList = 3BEA02411B9CC2FE0048083E /* Build configuration list for PBXProject "EsPrimo" */;
			compatibilityVersion = "Xcode 3.2";
			developmentRegion = English;
			hasScannedForEncodings = 0;
			knownRegions = (
				en,
				Base,
			);
			mainGroup = 3BEA023D1B9CC2FE0048083E;
			productRefGroup = 3BEA02471B9CC2FE0048083E /* Products */;
			projectDirPath = "";
			projectRoot = "";
			targets = (
				3BEA02451B9CC2FE0048083E /* EsPrimo */,
				3BEA025A1B9CC2FE0048083E /* EsPrimoTests */,
			);
		};
/* End PBXProject section */

/* Begin PBXResourcesBuildPhase section */
		3BEA02441B9CC2FE0048083E /* Resources */ = {
			isa = PBXResourcesBuildPhase;
			buildActionMask = 2147483647;
			files = (
				3BEA02511B9CC2FE0048083E /* Main.storyboard in Resources */,
				3BEA02561B9CC2FE0048083E /* LaunchScreen.xib in Resources */,
				3BEA02531B9CC2FE0048083E /* Images.xcassets in Resources */,
			);
			runOnlyForDeploymentPostprocessing = 0;
		};
		3BEA02591B9CC2FE0048083E /* Resources */ = {
			isa = PBXResourcesBuildPhase;
			buildActionMask = 2147483647;
			files = (
			);
			runOnlyForDeploymentPostprocessing = 0;
		};
/* End PBXResourcesBuildPhase section */

/* Begin PBXSourcesBuildPhase section */
		3BEA02421B9CC2FE0048083E /* Sources */ = {
			isa = PBXSourcesBuildPhase;
			buildActionMask = 2147483647;
			files = (
				3BEA024E1B9CC2FE0048083E /* ViewController.swift in Sources */,
				3BEA024C1B9CC2FE0048083E /* AppDelegate.swift in Sources */,
			);
			runOnlyForDeploymentPostprocessing = 0;
		};
		3BEA02571B9CC2FE0048083E /* Sources */ = {
			isa = PBXSourcesBuildPhase;
			buildActionMask = 2147483647;
			files = (
				3BEA02621B9CC2FE0048083E /* EsPrimoTests.swift in Sources */,
			);
			runOnlyForDeploymentPostprocessing = 0;
		};
/* End PBXSourcesBuildPhase section */

/* Begin PBXTargetDependency section */
		3BEA025D1B9CC2FE0048083E /* PBXTargetDependency */ = {
			isa = PBXTargetDependency;
			target = 3BEA02451B9CC2FE0048083E /* EsPrimo */;
			targetProxy = 3BEA025C1B9CC2FE0048083E /* PBXContainerItemProxy */;
		};
/* End PBXTargetDependency section */

/* Begin PBXVariantGroup section */
		3BEA024F1B9CC2FE0048083E /* Main.storyboard */ = {
			isa = PBXVariantGroup;
			children = (
				3BEA02501B9CC2FE0048083E /* Base */,
			);
			name = Main.storyboard;
			sourceTree = "<group>";
		};
		3BEA02541B9CC2FE0048083E /* LaunchScreen.xib */ = {
			isa = PBXVariantGroup;
			children = (
				3BEA02551B9CC2FE0048083E /* Base */,
			);
			name = LaunchScreen.xib;
			sourceTree = "<group>";
		};
/* End PBXVariantGroup section */

/* Begin XCBuildConfiguration section */
		3BEA02631B9CC2FE0048083E /* Debug */ = {
			isa = XCBuildConfiguration;
			buildSettings = {
				ALWAYS_SEARCH_USER_PATHS = NO;
				CLANG_CXX_LANGUAGE_STANDARD = "gnu++0x";
				CLANG_CXX_LIBRARY = "libc++";
				CLANG_ENABLE_MODULES = YES;
				CLANG_ENABLE_OBJC_ARC = YES;
				CLANG_WARN_BOOL_CONVERSION = YES;
				CLANG_WARN_CONSTANT_CONVERSION = YES;
				CLANG_WARN_DIRECT_OBJC_ISA_USAGE = YES_ERROR;
				CLANG_WARN_EMPTY_BODY = YES;
				CLANG_WARN_ENUM_CONVERSION = YES;
				CLANG_WARN_INT_CONVERSION = YES;
				CLANG_WARN_OBJC_ROOT_CLASS = YES_ERROR;
				CLANG_WARN_UNREACHABLE_CODE = YES;
				CLANG_WARN__DUPLICATE_METHOD_MATCH = YES;
				"CODE_SIGN_IDENTITY[sdk=iphoneos*]" = "iPhone Developer";
				COPY_PHASE_STRIP = NO;
				DEBUG_INFORMATION_FORMAT = "dwarf-with-dsym";
				ENABLE_STRICT_OBJC_MSGSEND = YES;
				ENABLE_TESTABILITY = YES;
				GCC_C_LANGUAGE_STANDARD = gnu99;
				GCC_DYNAMIC_NO_PIC = NO;
				GCC_NO_COMMON_BLOCKS = YES;
				GCC_OPTIMIZATION_LEVEL = 0;
				GCC_PREPROCESSOR_DEFINITIONS = (
					"DEBUG=1",
					"$(inherited)",
				);
				GCC_SYMBOLS_PRIVATE_EXTERN = NO;
				GCC_WARN_64_TO_32_BIT_CONVERSION = YES;
				GCC_WARN_ABOUT_RETURN_TYPE = YES_ERROR;
				GCC_WARN_UNDECLARED_SELECTOR = YES;
				GCC_WARN_UNINITIALIZED_AUTOS = YES_AGGRESSIVE;
				GCC_WARN_UNUSED_FUNCTION = YES;
				GCC_WARN_UNUSED_VARIABLE = YES;
				IPHONEOS_DEPLOYMENT_TARGET = 8.4;
				MTL_ENABLE_DEBUG_INFO = YES;
				ONLY_ACTIVE_ARCH = YES;
				SDKROOT = iphoneos;
				SWIFT_OPTIMIZATION_LEVEL = "-Onone";
			};
			name = Debug;
		};
		3BEA02641B9CC2FE0048083E /* Release */ = {
			isa = XCBuildConfiguration;
			buildSettings = {
				ALWAYS_SEARCH_USER_PATHS = NO;
				CLANG_CXX_LANGUAGE_STANDARD = "gnu++0x";
				CLANG_CXX_LIBRARY = "libc++";
				CLANG_ENABLE_MODULES = YES;
				CLANG_ENABLE_OBJC_ARC = YES;
				CLANG_WARN_BOOL_CONVERSION = YES;
				CLANG_WARN_CONSTANT_CONVERSION = YES;
				CLANG_WARN_DIRECT_OBJC_ISA_USAGE = YES_ERROR;
				CLANG_WARN_EMPTY_BODY = YES;
				CLANG_WARN_ENUM_CONVERSION = YES;
				CLANG_WARN_INT_CONVERSION = YES;
				CLANG_WARN_OBJC_ROOT_CLASS = YES_ERROR;
				CLANG_WARN_UNREACHABLE_CODE = YES;
				CLANG_WARN__DUPLICATE_METHOD_MATCH = YES;
				"CODE_SIGN_IDENTITY[sdk=iphoneos*]" = "iPhone Developer";
				COPY_PHASE_STRIP = NO;
				DEBUG_INFORMATION_FORMAT = "dwarf-with-dsym";
				ENABLE_NS_ASSERTIONS = NO;
				ENABLE_STRICT_OBJC_MSGSEND = YES;
				GCC_C_LANGUAGE_STANDARD = gnu99;
				GCC_NO_COMMON_BLOCKS = YES;
				GCC_WARN_64_TO_32_BIT_CONVERSION = YES;
				GCC_WARN_ABOUT_RETURN_TYPE = YES_ERROR;
				GCC_WARN_UNDECLARED_SELECTOR = YES;
				GCC_WARN_UNINITIALIZED_AUTOS = YES_AGGRESSIVE;
				GCC_WARN_UNUSED_FUNCTION = YES;
				GCC_WARN_UNUSED_VARIABLE = YES;
				IPHONEOS_DEPLOYMENT_TARGET = 8.4;
				MTL_ENABLE_DEBUG_INFO = NO;
				SDKROOT = iphoneos;
				VALIDATE_PRODUCT = YES;
			};
			name = Release;
		};
		3BEA02661B9CC2FE0048083E /* Debug */ = {
			isa = XCBuildConfiguration;
			buildSettings = {
				ASSETCATALOG_COMPILER_APPICON_NAME = AppIcon;
				CODE_SIGN_IDENTITY = "iPhone Developer";
				"CODE_SIGN_IDENTITY[sdk=iphoneos*]" = "iPhone Developer";
				INFOPLIST_FILE = EsPrimo/Info.plist;
				IPHONEOS_DEPLOYMENT_TARGET = 8.2;
				LD_RUNPATH_SEARCH_PATHS = "$(inherited) @executable_path/Frameworks";
				PRODUCT_BUNDLE_IDENTIFIER = "IXA.$(PRODUCT_NAME:rfc1034identifier)";
				PRODUCT_NAME = "$(TARGET_NAME)";
				PROVISIONING_PROFILE = "";
			};
			name = Debug;
		};
		3BEA02671B9CC2FE0048083E /* Release */ = {
			isa = XCBuildConfiguration;
			buildSettings = {
				ASSETCATALOG_COMPILER_APPICON_NAME = AppIcon;
				CODE_SIGN_IDENTITY = "iPhone Developer";
				"CODE_SIGN_IDENTITY[sdk=iphoneos*]" = "iPhone Developer";
				INFOPLIST_FILE = EsPrimo/Info.plist;
				IPHONEOS_DEPLOYMENT_TARGET = 8.2;
				LD_RUNPATH_SEARCH_PATHS = "$(inherited) @executable_path/Frameworks";
				PRODUCT_BUNDLE_IDENTIFIER = "IXA.$(PRODUCT_NAME:rfc1034identifier)";
				PRODUCT_NAME = "$(TARGET_NAME)";
				PROVISIONING_PROFILE = "";
			};
			name = Release;
		};
		3BEA02691B9CC2FE0048083E /* Debug */ = {
			isa = XCBuildConfiguration;
			buildSettings = {
				BUNDLE_LOADER = "$(TEST_HOST)";
				FRAMEWORK_SEARCH_PATHS = (
					"$(SDKROOT)/Developer/Library/Frameworks",
					"$(inherited)",
				);
				GCC_PREPROCESSOR_DEFINITIONS = (
					"DEBUG=1",
					"$(inherited)",
				);
				INFOPLIST_FILE = EsPrimoTests/Info.plist;
				LD_RUNPATH_SEARCH_PATHS = "$(inherited) @executable_path/Frameworks @loader_path/Frameworks";
				PRODUCT_BUNDLE_IDENTIFIER = "IXA.$(PRODUCT_NAME:rfc1034identifier)";
				PRODUCT_NAME = "$(TARGET_NAME)";
				TEST_HOST = "$(BUILT_PRODUCTS_DIR)/EsPrimo.app/EsPrimo";
			};
			name = Debug;
		};
		3BEA026A1B9CC2FE0048083E /* Release */ = {
			isa = XCBuildConfiguration;
			buildSettings = {
				BUNDLE_LOADER = "$(TEST_HOST)";
				FRAMEWORK_SEARCH_PATHS = (
					"$(SDKROOT)/Developer/Library/Frameworks",
					"$(inherited)",
				);
				INFOPLIST_FILE = EsPrimoTests/Info.plist;
				LD_RUNPATH_SEARCH_PATHS = "$(inherited) @executable_path/Frameworks @loader_path/Frameworks";
				PRODUCT_BUNDLE_IDENTIFIER = "IXA.$(PRODUCT_NAME:rfc1034identifier)";
				PRODUCT_NAME = "$(TARGET_NAME)";
				TEST_HOST = "$(BUILT_PRODUCTS_DIR)/EsPrimo.app/EsPrimo";
			};
			name = Release;
		};
/* End XCBuildConfiguration section */

/* Begin XCConfigurationList section */
		3BEA02411B9CC2FE0048083E /* Build configuration list for PBXProject "EsPrimo" */ = {
			isa = XCConfigurationList;
			buildConfigurations = (
				3BEA02631B9CC2FE0048083E /* Debug */,
				3BEA02641B9CC2FE0048083E /* Release */,
			);
			defaultConfigurationIsVisible = 0;
			defaultConfigurationName = Release;
		};
		3BEA02651B9CC2FE0048083E /* Build configuration list for PBXNativeTarget "EsPrimo" */ = {
			isa = XCConfigurationList;
			buildConfigurations = (
				3BEA02661B9CC2FE0048083E /* Debug */,
				3BEA02671B9CC2FE0048083E /* Release */,
			);
			defaultConfigurationIsVisible = 0;
			defaultConfigurationName = Release;
		};
		3BEA02681B9CC2FE0048083E /* Build configuration list for PBXNativeTarget "EsPrimoTests" */ = {
			isa = XCConfigurationList;
			buildConfigurations = (
				3BEA02691B9CC2FE0048083E /* Debug */,
				3BEA026A1B9CC2FE0048083E /* Release */,
			);
			defaultConfigurationIsVisible = 0;
			defaultConfigurationName = Release;
		};
/* End XCConfigurationList section */
	};
	rootObject = 3BEA023E1B9CC2FE0048083E /* Project object */;
}
